
Microsoft Visual Studio Solution File, Format Version 12.00
# Visual Studio Version 17
VisualStudioVersion = 17.0.31903.59
MinimumVisualStudioVersion = 10.0.40219.1
Project("{2150E333-8FDC-42A3-9474-1A3956D46DE8}") = "src", "src", "{55885275-9A05-4AAA-AEAC-37D2F180278E}"
EndProject
Project("{9A19103F-16F7-4668-BE54-9A1E7A4F7556}") = "Users.Api", "src\Users.Api\Users.Api.csproj", "{DF0E4D4A-4C65-4836-8B1D-325958F28C93}"
EndProject
Project("{FAE04EC0-301F-11D3-BF4B-00C04F79EFBC}") = "Infrastructure", "Infrastructure\Infrastructure.csproj", "{82975103-983E-4050-B611-DEEADDE814DA}"
EndProject
Global
	GlobalSection(SolutionConfigurationPlatforms) = preSolution
		Debug|Any CPU = Debug|Any CPU
		Release|Any CPU = Release|Any CPU
	EndGlobalSection
	GlobalSection(ProjectConfigurationPlatforms) = postSolution
		{DF0E4D4A-4C65-4836-8B1D-325958F28C93}.Debug|Any CPU.ActiveCfg = Debug|Any CPU
		{DF0E4D4A-4C65-4836-8B1D-325958F28C93}.Debug|Any CPU.Build.0 = Debug|Any CPU
		{DF0E4D4A-4C65-4836-8B1D-325958F28C93}.Release|Any CPU.ActiveCfg = Release|Any CPU
		{DF0E4D4A-4C65-4836-8B1D-325958F28C93}.Release|Any CPU.Build.0 = Release|Any CPU
		{82975103-983E-4050-B611-DEEADDE814DA}.Debug|Any CPU.ActiveCfg = Debug|Any CPU
		{82975103-983E-4050-B611-DEEADDE814DA}.Debug|Any CPU.Build.0 = Debug|Any CPU
		{82975103-983E-4050-B611-DEEADDE814DA}.Release|Any CPU.ActiveCfg = Release|Any CPU
		{82975103-983E-4050-B611-DEEADDE814DA}.Release|Any CPU.Build.0 = Release|Any CPU
	EndGlobalSection
	GlobalSection(SolutionProperties) = preSolution
		HideSolutionNode = FALSE
	EndGlobalSection
	GlobalSection(NestedProjects) = preSolution
		{DF0E4D4A-4C65-4836-8B1D-325958F28C93} = {55885275-9A05-4AAA-AEAC-37D2F180278E}
		{82975103-983E-4050-B611-DEEADDE814DA} = {55885275-9A05-4AAA-AEAC-37D2F180278E}
	EndGlobalSection
	GlobalSection(ExtensibilityGlobals) = postSolution
		SolutionGuid = {025D262D-CC55-4FE4-B631-13FCDEE23624}
	EndGlobalSection
EndGlobal
